
Microsoft Visual Studio Solution File, Format Version 12.00
# Visual Studio Version 16
VisualStudioVersion = 16.0.31613.86
MinimumVisualStudioVersion = 10.0.40219.1
Project("{FAE04EC0-301F-11D3-BF4B-00C04F79EFBC}") = "2023_12_04_ListabanALista", "2023_12_04_ListabanALista\2023_12_04_ListabanALista.csproj", "{CF091FB2-CDCC-4237-965A-1D56D7C752B1}"
EndProject
Global
	GlobalSection(SolutionConfigurationPlatforms) = preSolution
		Debug|Any CPU = Debug|Any CPU
		Release|Any CPU = Release|Any CPU
	EndGlobalSection
	GlobalSection(ProjectConfigurationPlatforms) = postSolution
		{CF091FB2-CDCC-4237-965A-1D56D7C752B1}.Debug|Any CPU.ActiveCfg = Debug|Any CPU
		{CF091FB2-CDCC-4237-965A-1D56D7C752B1}.Debug|Any CPU.Build.0 = Debug|Any CPU
		{CF091FB2-CDCC-4237-965A-1D56D7C752B1}.Release|Any CPU.ActiveCfg = Release|Any CPU
		{CF091FB2-CDCC-4237-965A-1D56D7C752B1}.Release|Any CPU.Build.0 = Release|Any CPU
	EndGlobalSection
	GlobalSection(SolutionProperties) = preSolution
		HideSolutionNode = FALSE
	EndGlobalSection
	GlobalSection(ExtensibilityGlobals) = postSolution
		SolutionGuid = {EB01889C-742C-48FF-BBA5-5520E691EE6B}
	EndGlobalSection
EndGlobal
