
Microsoft Visual Studio Solution File, Format Version 12.00
# Visual Studio Version 16
VisualStudioVersion = 16.0.31613.86
MinimumVisualStudioVersion = 10.0.40219.1
Project("{FAE04EC0-301F-11D3-BF4B-00C04F79EFBC}") = "2023_11_20_Sziget2", "2023_11_20_Sziget2\2023_11_20_Sziget2.csproj", "{1BF233CF-0F8F-4BB7-A33B-023137CD62CE}"
EndProject
Global
	GlobalSection(SolutionConfigurationPlatforms) = preSolution
		Debug|Any CPU = Debug|Any CPU
		Release|Any CPU = Release|Any CPU
	EndGlobalSection
	GlobalSection(ProjectConfigurationPlatforms) = postSolution
		{1BF233CF-0F8F-4BB7-A33B-023137CD62CE}.Debug|Any CPU.ActiveCfg = Debug|Any CPU
		{1BF233CF-0F8F-4BB7-A33B-023137CD62CE}.Debug|Any CPU.Build.0 = Debug|Any CPU
		{1BF233CF-0F8F-4BB7-A33B-023137CD62CE}.Release|Any CPU.ActiveCfg = Release|Any CPU
		{1BF233CF-0F8F-4BB7-A33B-023137CD62CE}.Release|Any CPU.Build.0 = Release|Any CPU
	EndGlobalSection
	GlobalSection(SolutionProperties) = preSolution
		HideSolutionNode = FALSE
	EndGlobalSection
	GlobalSection(ExtensibilityGlobals) = postSolution
		SolutionGuid = {F94BA6BE-F6E4-488B-AAC1-FC1E595596BA}
	EndGlobalSection
EndGlobal
