
Microsoft Visual Studio Solution File, Format Version 12.00
# Visual Studio Version 16
VisualStudioVersion = 16.0.31613.86
MinimumVisualStudioVersion = 10.0.40219.1
Project("{FAE04EC0-301F-11D3-BF4B-00C04F79EFBC}") = "2024_04_29_Rejtveny", "2024_04_29_Rejtveny\2024_04_29_Rejtveny.csproj", "{BA90239B-5F4B-4511-8C8B-869A310BC03C}"
EndProject
Global
	GlobalSection(SolutionConfigurationPlatforms) = preSolution
		Debug|Any CPU = Debug|Any CPU
		Release|Any CPU = Release|Any CPU
	EndGlobalSection
	GlobalSection(ProjectConfigurationPlatforms) = postSolution
		{BA90239B-5F4B-4511-8C8B-869A310BC03C}.Debug|Any CPU.ActiveCfg = Debug|Any CPU
		{BA90239B-5F4B-4511-8C8B-869A310BC03C}.Debug|Any CPU.Build.0 = Debug|Any CPU
		{BA90239B-5F4B-4511-8C8B-869A310BC03C}.Release|Any CPU.ActiveCfg = Release|Any CPU
		{BA90239B-5F4B-4511-8C8B-869A310BC03C}.Release|Any CPU.Build.0 = Release|Any CPU
	EndGlobalSection
	GlobalSection(SolutionProperties) = preSolution
		HideSolutionNode = FALSE
	EndGlobalSection
	GlobalSection(ExtensibilityGlobals) = postSolution
		SolutionGuid = {43964250-590E-4497-80BD-0B777848DF23}
	EndGlobalSection
EndGlobal
