
Microsoft Visual Studio Solution File, Format Version 12.00
# Visual Studio Version 16
VisualStudioVersion = 16.0.31613.86
MinimumVisualStudioVersion = 10.0.40219.1
Project("{FAE04EC0-301F-11D3-BF4B-00C04F79EFBC}") = "2023_10_19_Gyakorlas", "2023_10_19_Gyakorlas\2023_10_19_Gyakorlas.csproj", "{43B1D3C0-EBE1-4726-8A16-2B2B7A2C538A}"
EndProject
Global
	GlobalSection(SolutionConfigurationPlatforms) = preSolution
		Debug|Any CPU = Debug|Any CPU
		Release|Any CPU = Release|Any CPU
	EndGlobalSection
	GlobalSection(ProjectConfigurationPlatforms) = postSolution
		{43B1D3C0-EBE1-4726-8A16-2B2B7A2C538A}.Debug|Any CPU.ActiveCfg = Debug|Any CPU
		{43B1D3C0-EBE1-4726-8A16-2B2B7A2C538A}.Debug|Any CPU.Build.0 = Debug|Any CPU
		{43B1D3C0-EBE1-4726-8A16-2B2B7A2C538A}.Release|Any CPU.ActiveCfg = Release|Any CPU
		{43B1D3C0-EBE1-4726-8A16-2B2B7A2C538A}.Release|Any CPU.Build.0 = Release|Any CPU
	EndGlobalSection
	GlobalSection(SolutionProperties) = preSolution
		HideSolutionNode = FALSE
	EndGlobalSection
	GlobalSection(ExtensibilityGlobals) = postSolution
		SolutionGuid = {880483FA-7C44-4713-8B1F-80A90C36180D}
	EndGlobalSection
EndGlobal
