
Microsoft Visual Studio Solution File, Format Version 12.00
# Visual Studio Version 16
VisualStudioVersion = 16.0.31613.86
MinimumVisualStudioVersion = 10.0.40219.1
Project("{FAE04EC0-301F-11D3-BF4B-00C04F79EFBC}") = "2023_11_06_Lista", "2023_11_06_Lista\2023_11_06_Lista.csproj", "{F3C0F0AA-559A-4192-8A39-E8292B696515}"
EndProject
Global
	GlobalSection(SolutionConfigurationPlatforms) = preSolution
		Debug|Any CPU = Debug|Any CPU
		Release|Any CPU = Release|Any CPU
	EndGlobalSection
	GlobalSection(ProjectConfigurationPlatforms) = postSolution
		{F3C0F0AA-559A-4192-8A39-E8292B696515}.Debug|Any CPU.ActiveCfg = Debug|Any CPU
		{F3C0F0AA-559A-4192-8A39-E8292B696515}.Debug|Any CPU.Build.0 = Debug|Any CPU
		{F3C0F0AA-559A-4192-8A39-E8292B696515}.Release|Any CPU.ActiveCfg = Release|Any CPU
		{F3C0F0AA-559A-4192-8A39-E8292B696515}.Release|Any CPU.Build.0 = Release|Any CPU
	EndGlobalSection
	GlobalSection(SolutionProperties) = preSolution
		HideSolutionNode = FALSE
	EndGlobalSection
	GlobalSection(ExtensibilityGlobals) = postSolution
		SolutionGuid = {42BA778C-5762-4482-84A5-C1D28E84C484}
	EndGlobalSection
EndGlobal
