
Microsoft Visual Studio Solution File, Format Version 12.00
# Visual Studio Version 16
VisualStudioVersion = 16.0.31613.86
MinimumVisualStudioVersion = 10.0.40219.1
Project("{FAE04EC0-301F-11D3-BF4B-00C04F79EFBC}") = "2024_01_12_Fajlbeolvasas", "2024_01_12_Fajlbeolvasas\2024_01_12_Fajlbeolvasas.csproj", "{A8CF2B3A-F13F-4426-B131-6C6CCA507B42}"
EndProject
Global
	GlobalSection(SolutionConfigurationPlatforms) = preSolution
		Debug|Any CPU = Debug|Any CPU
		Release|Any CPU = Release|Any CPU
	EndGlobalSection
	GlobalSection(ProjectConfigurationPlatforms) = postSolution
		{A8CF2B3A-F13F-4426-B131-6C6CCA507B42}.Debug|Any CPU.ActiveCfg = Debug|Any CPU
		{A8CF2B3A-F13F-4426-B131-6C6CCA507B42}.Debug|Any CPU.Build.0 = Debug|Any CPU
		{A8CF2B3A-F13F-4426-B131-6C6CCA507B42}.Release|Any CPU.ActiveCfg = Release|Any CPU
		{A8CF2B3A-F13F-4426-B131-6C6CCA507B42}.Release|Any CPU.Build.0 = Release|Any CPU
	EndGlobalSection
	GlobalSection(SolutionProperties) = preSolution
		HideSolutionNode = FALSE
	EndGlobalSection
	GlobalSection(ExtensibilityGlobals) = postSolution
		SolutionGuid = {42004D9E-A09E-4FF7-BC88-B7A8F91E0641}
	EndGlobalSection
EndGlobal
